
Microsoft Visual Studio Solution File, Format Version 12.00
# Visual Studio Version 17
VisualStudioVersion = 17.0.32014.148
MinimumVisualStudioVersion = 10.0.40219.1
Project("{FAE04EC0-301F-11D3-BF4B-00C04F79EFBC}") = "Jwtauthentication6.0", "Jwtauthentication6.0\Jwtauthentication6.0.csproj", "{D124F4F9-807C-41F2-9F2A-8146E3862F3F}"
EndProject
Global
	GlobalSection(SolutionConfigurationPlatforms) = preSolution
		Debug|Any CPU = Debug|Any CPU
		Release|Any CPU = Release|Any CPU
	EndGlobalSection
	GlobalSection(ProjectConfigurationPlatforms) = postSolution
		{D124F4F9-807C-41F2-9F2A-8146E3862F3F}.Debug|Any CPU.ActiveCfg = Debug|Any CPU
		{D124F4F9-807C-41F2-9F2A-8146E3862F3F}.Debug|Any CPU.Build.0 = Debug|Any CPU
		{D124F4F9-807C-41F2-9F2A-8146E3862F3F}.Release|Any CPU.ActiveCfg = Release|Any CPU
		{D124F4F9-807C-41F2-9F2A-8146E3862F3F}.Release|Any CPU.Build.0 = Release|Any CPU
	EndGlobalSection
	GlobalSection(SolutionProperties) = preSolution
		HideSolutionNode = FALSE
	EndGlobalSection
	GlobalSection(ExtensibilityGlobals) = postSolution
		SolutionGuid = {387BA80F-10FA-4BAB-9D8A-21B3A6739FDF}
	EndGlobalSection
EndGlobal
